# THIS IS AN AUTOGENERATED FILE. DO NOT EDIT THIS FILE DIRECTLY.
# yarn lockfile v1


"@types/node@11.11.6":
  version "11.11.6"
  resolved "https://registry.npm.taobao.org/@types/node/download/@types/node-11.11.6.tgz#df929d1bb2eee5afdda598a41930fe50b43eaa6a"
  integrity sha1-35KdG7Lu5a/dpZikGTD+ULQ+qmo=

axios@^0.19.2:
  version "0.19.2"
  resolved "https://registry.npm.taobao.org/axios/download/axios-0.19.2.tgz#3ea36c5d8818d0d5f8a8a97a6d36b86cdc00cb27"
  integrity sha1-PqNsXYgY0NX4qKl6bTa4bNwAyyc=
  dependencies:
    follow-redirects "1.5.10"

bignumber.js@^9.0.0:
  version "9.0.0"
  resolved "https://registry.npm.taobao.org/bignumber.js/download/bignumber.js-9.0.0.tgz#805880f84a329b5eac6e7cb6f8274b6d82bdf075"
  integrity sha1-gFiA+Eoym16sbny2+CdLbYK98HU=

bip39@^3.0.2:
  version "3.0.2"
  resolved "https://registry.npm.taobao.org/bip39/download/bip39-3.0.2.tgz#2baf42ff3071fc9ddd5103de92e8f80d9257ee32"
  integrity sha1-K69C/zBx/J3dUQPekuj4DZJX7jI=
  dependencies:
    "@types/node" "11.11.6"
    create-hash "^1.1.0"
    pbkdf2 "^3.0.9"
    randombytes "^2.0.1"

bn.js@^5.1.1:
  version "5.1.1"
  resolved "https://registry.npm.taobao.org/bn.js/download/bn.js-5.1.1.tgz#48efc4031a9c4041b9c99c6941d903463ab62eb5"
  integrity sha1-SO/EAxqcQEG5yZxpQdkDRjq2LrU=

cipher-base@^1.0.1, cipher-base@^1.0.3:
  version "1.0.4"
  resolved "https://registry.npm.taobao.org/cipher-base/download/cipher-base-1.0.4.tgz#8760e4ecc272f4c363532f926d874aae2c1397de"
  integrity sha1-h2Dk7MJy9MNjUy+SbYdKriwTl94=
  dependencies:
    inherits "^2.0.1"
    safe-buffer "^5.0.1"

create-hash@^1.1.0, create-hash@^1.1.2:
  version "1.2.0"
  resolved "https://registry.npm.taobao.org/create-hash/download/create-hash-1.2.0.tgz#889078af11a63756bcfb59bd221996be3a9ef196"
  integrity sha1-iJB4rxGmN1a8+1m9IhmWvjqe8ZY=
  dependencies:
    cipher-base "^1.0.1"
    inherits "^2.0.1"
    md5.js "^1.3.4"
    ripemd160 "^2.0.1"
    sha.js "^2.4.0"

create-hmac@^1.1.4:
  version "1.1.7"
  resolved "https://registry.npm.taobao.org/create-hmac/download/create-hmac-1.1.7.tgz#69170c78b3ab957147b2b8b04572e47ead2243ff"
  integrity sha1-aRcMeLOrlXFHsriwRXLkfq0iQ/8=
  dependencies:
    cipher-base "^1.0.3"
    create-hash "^1.1.0"
    inherits "^2.0.1"
    ripemd160 "^2.0.0"
    safe-buffer "^5.0.1"
    sha.js "^2.4.8"

debug@=3.1.0:
  version "3.1.0"
  resolved "https://registry.npm.taobao.org/debug/download/debug-3.1.0.tgz?cache=0&other_urls=https%3A%2F%2Fregistry.npm.taobao.org%2Fdebug%2Fdownload%2Fdebug-3.1.0.tgz#5bb5a0672628b64149566ba16819e61518c67261"
  integrity sha1-W7WgZyYotkFJVmuhaBnmFRjGcmE=
  dependencies:
    ms "2.0.0"

follow-redirects@1.5.10:
  version "1.5.10"
  resolved "https://registry.npm.taobao.org/follow-redirects/download/follow-redirects-1.5.10.tgz?cache=0&sync_timestamp=1585479417937&other_urls=https%3A%2F%2Fregistry.npm.taobao.org%2Ffollow-redirects%2Fdownload%2Ffollow-redirects-1.5.10.tgz#7b7a9f9aea2fdff36786a94ff643ed07f4ff5e2a"
  integrity sha1-e3qfmuov3/NnhqlP9kPtB/T/Xio=
  dependencies:
    debug "=3.1.0"

hash-base@^3.0.0:
  version "3.1.0"
  resolved "https://registry.npm.taobao.org/hash-base/download/hash-base-3.1.0.tgz#55c381d9e06e1d2997a883b4a3fddfe7f0d3af33"
  integrity sha1-VcOB2eBuHSmXqIO0o/3f5/DTrzM=
  dependencies:
    inherits "^2.0.4"
    readable-stream "^3.6.0"
    safe-buffer "^5.2.0"

inherits@^2.0.1, inherits@^2.0.3, inherits@^2.0.4:
  version "2.0.4"
  resolved "https://registry.npm.taobao.org/inherits/download/inherits-2.0.4.tgz#0fa2c64f932917c3433a0ded55363aae37416b7c"
  integrity sha1-D6LGT5MpF8NDOg3tVTY6rjdBa3w=

md5.js@^1.3.4:
  version "1.3.5"
  resolved "https://registry.npm.taobao.org/md5.js/download/md5.js-1.3.5.tgz#b5d07b8e3216e3e27cd728d72f70d1e6a342005f"
  integrity sha1-tdB7jjIW4+J81yjXL3DR5qNCAF8=
  dependencies:
    hash-base "^3.0.0"
    inherits "^2.0.1"
    safe-buffer "^5.1.2"

ms@2.0.0:
  version "2.0.0"
  resolved "https://registry.npm.taobao.org/ms/download/ms-2.0.0.tgz?cache=0&other_urls=https%3A%2F%2Fregistry.npm.taobao.org%2Fms%2Fdownload%2Fms-2.0.0.tgz#5608aeadfc00be6c2901df5f9861788de0d597c8"
  integrity sha1-VgiurfwAvmwpAd9fmGF4jeDVl8g=

pbkdf2@^3.0.9:
  version "3.0.17"
  resolved "https://registry.npm.taobao.org/pbkdf2/download/pbkdf2-3.0.17.tgz#976c206530617b14ebb32114239f7b09336e93a6"
  integrity sha1-l2wgZTBhexTrsyEUI597CTNuk6Y=
  dependencies:
    create-hash "^1.1.2"
    create-hmac "^1.1.4"
    ripemd160 "^2.0.1"
    safe-buffer "^5.0.1"
    sha.js "^2.4.8"

randombytes@^2.0.1:
  version "2.1.0"
  resolved "https://registry.npm.taobao.org/randombytes/download/randombytes-2.1.0.tgz#df6f84372f0270dc65cdf6291349ab7a473d4f2a"
  integrity sha1-32+ENy8CcNxlzfYpE0mrekc9Tyo=
  dependencies:
    safe-buffer "^5.1.0"

readable-stream@^3.6.0:
  version "3.6.0"
  resolved "https://registry.npm.taobao.org/readable-stream/download/readable-stream-3.6.0.tgz#337bbda3adc0706bd3e024426a286d4b4b2c9198"
  integrity sha1-M3u9o63AcGvT4CRCaihtS0sskZg=
  dependencies:
    inherits "^2.0.3"
    string_decoder "^1.1.1"
    util-deprecate "^1.0.1"

ripemd160@^2.0.0, ripemd160@^2.0.1:
  version "2.0.2"
  resolved "https://registry.npm.taobao.org/ripemd160/download/ripemd160-2.0.2.tgz#a1c1a6f624751577ba5d07914cbc92850585890c"
  integrity sha1-ocGm9iR1FXe6XQeRTLyShQWFiQw=
  dependencies:
    hash-base "^3.0.0"
    inherits "^2.0.1"

safe-buffer@^5.0.1, safe-buffer@^5.1.0, safe-buffer@^5.1.2, safe-buffer@^5.2.0, safe-buffer@~5.2.0:
  version "5.2.1"
  resolved "https://registry.npm.taobao.org/safe-buffer/download/safe-buffer-5.2.1.tgz#1eaf9fa9bdb1fdd4ec75f58f9cdb4e6b7827eec6"
  integrity sha1-Hq+fqb2x/dTsdfWPnNtOa3gn7sY=

sha.js@^2.4.0, sha.js@^2.4.8:
  version "2.4.11"
  resolved "https://registry.npm.taobao.org/sha.js/download/sha.js-2.4.11.tgz?cache=0&other_urls=https%3A%2F%2Fregistry.npm.taobao.org%2Fsha.js%2Fdownload%2Fsha.js-2.4.11.tgz#37a5cf0b81ecbc6943de109ba2960d1b26584ae7"
  integrity sha1-N6XPC4HsvGlD3hCbopYNGyZYSuc=
  dependencies:
    inherits "^2.0.1"
    safe-buffer "^5.0.1"

string_decoder@^1.1.1:
  version "1.3.0"
  resolved "https://registry.npm.taobao.org/string_decoder/download/string_decoder-1.3.0.tgz#42f114594a46cf1a8e30b0a84f56c78c3edac21e"
  integrity sha1-QvEUWUpGzxqOMLCoT1bHjD7awh4=
  dependencies:
    safe-buffer "~5.2.0"

util-deprecate@^1.0.1:
  version "1.0.2"
  resolved "https://registry.npm.taobao.org/util-deprecate/download/util-deprecate-1.0.2.tgz#450d4dc9fa70de732762fbd2d4a28981419a0ccf"
  integrity sha1-RQ1Nyfpw3nMnYvvS1KKJgUGaDM8=
